// !$*UTF8*$!
{
	archiveVersion = 1;
	classes = {
	};
	objectVersion = 51;
	objects = {

/* Begin PBXBuildFile section */
		51031FF3E6CD03FA3A5ED9ED /* Pods_Eraser_File_App.framework in Frameworks */ = {isa = PBXBuildFile; fileRef = B531DCB3A5BA772615AC44F8 /* Pods_Eraser_File_App.framework */; };
		F160808E275C5BC800D8356E /* FileViewController.swift in Sources */ = {isa = PBXBuildFile; fileRef = F160808D275C5BC800D8356E /* FileViewController.swift */; };
		F1608090275D247300D8356E /* DuplicateFileViewController.swift in Sources */ = {isa = PBXBuildFile; fileRef = F160808F275D247300D8356E /* DuplicateFileViewController.swift */; };
		F1608097275E2F8300D8356E /* emptyBox.json in Resources */ = {isa = PBXBuildFile; fileRef = F1608096275E2F8300D8356E /* emptyBox.json */; };
		F1608099275E2F9200D8356E /* findDocuments.json in Resources */ = {isa = PBXBuildFile; fileRef = F1608098275E2F9200D8356E /* findDocuments.json */; };
		F160809C275E947700D8356E /* Button.swift in Sources */ = {isa = PBXBuildFile; fileRef = F160809B275E947700D8356E /* Button.swift */; };
		F16080BE276257EF00D8356E /* fileList.json in Resources */ = {isa = PBXBuildFile; fileRef = F16080BD276257EF00D8356E /* fileList.json */; };
		F16080C027625B3700D8356E /* deleteAnimation.json in Resources */ = {isa = PBXBuildFile; fileRef = F16080BF27625B3700D8356E /* deleteAnimation.json */; };
		F1808326275B300900F6A9CC /* AppDelegate.swift in Sources */ = {isa = PBXBuildFile; fileRef = F1808325275B300900F6A9CC /* AppDelegate.swift */; };
		F1808328275B300900F6A9CC /* SceneDelegate.swift in Sources */ = {isa = PBXBuildFile; fileRef = F1808327275B300900F6A9CC /* SceneDelegate.swift */; };
		F180832A275B300900F6A9CC /* ViewController.swift in Sources */ = {isa = PBXBuildFile; fileRef = F1808329275B300900F6A9CC /* ViewController.swift */; };
		F180832D275B300900F6A9CC /* Main.storyboard in Resources */ = {isa = PBXBuildFile; fileRef = F180832B275B300900F6A9CC /* Main.storyboard */; };
		F180832F275B300B00F6A9CC /* Assets.xcassets in Resources */ = {isa = PBXBuildFile; fileRef = F180832E275B300B00F6A9CC /* Assets.xcassets */; };
		F1808332275B300B00F6A9CC /* LaunchScreen.storyboard in Resources */ = {isa = PBXBuildFile; fileRef = F1808330275B300B00F6A9CC /* LaunchScreen.storyboard */; };
		F180833A275B613D00F6A9CC /* ImagesCollectionViewCell.swift in Sources */ = {isa = PBXBuildFile; fileRef = F1808339275B613D00F6A9CC /* ImagesCollectionViewCell.swift */; };
		F180833C275B8BF100F6A9CC /* HomeViewController.swift in Sources */ = {isa = PBXBuildFile; fileRef = F180833B275B8BF100F6A9CC /* HomeViewController.swift */; };
		F180833F275B986100F6A9CC /* ImageDatas.swift in Sources */ = {isa = PBXBuildFile; fileRef = F180833E275B986100F6A9CC /* ImageDatas.swift */; };
		F1808343275BA6E500F6A9CC /* DuplicateImageViewController.swift in Sources */ = {isa = PBXBuildFile; fileRef = F1808342275BA6E500F6A9CC /* DuplicateImageViewController.swift */; };
		F1808345275BED7D00F6A9CC /* GetPhotoDataFunction.swift in Sources */ = {isa = PBXBuildFile; fileRef = F1808344275BED7D00F6A9CC /* GetPhotoDataFunction.swift */; };
/* End PBXBuildFile section */

/* Begin PBXFileReference section */
		110ED6812916246100BE1403 /* Pods-Eraser_File_App.debug.xcconfig */ = {isa = PBXFileReference; includeInIndex = 1; lastKnownFileType = text.xcconfig; name = "Pods-Eraser_File_App.debug.xcconfig"; path = "Target Support Files/Pods-Eraser_File_App/Pods-Eraser_File_App.debug.xcconfig"; sourceTree = "<group>"; };
		8F08C4DCB85871082150A55F /* Pods-Eraser_File_App.release.xcconfig */ = {isa = PBXFileReference; includeInIndex = 1; lastKnownFileType = text.xcconfig; name = "Pods-Eraser_File_App.release.xcconfig"; path = "Target Support Files/Pods-Eraser_File_App/Pods-Eraser_File_App.release.xcconfig"; sourceTree = "<group>"; };
		B531DCB3A5BA772615AC44F8 /* Pods_Eraser_File_App.framework */ = {isa = PBXFileReference; explicitFileType = wrapper.framework; includeInIndex = 0; path = Pods_Eraser_File_App.framework; sourceTree = BUILT_PRODUCTS_DIR; };
		F160808D275C5BC800D8356E /* FileViewController.swift */ = {isa = PBXFileReference; lastKnownFileType = sourcecode.swift; path = FileViewController.swift; sourceTree = "<group>"; };
		F160808F275D247300D8356E /* DuplicateFileViewController.swift */ = {isa = PBXFileReference; lastKnownFileType = sourcecode.swift; path = DuplicateFileViewController.swift; sourceTree = "<group>"; };
		F1608096275E2F8300D8356E /* emptyBox.json */ = {isa = PBXFileReference; fileEncoding = 4; lastKnownFileType = text.json; name = emptyBox.json; path = ../../../animation/emptyBox.json; sourceTree = "<group>"; };
		F1608098275E2F9200D8356E /* findDocuments.json */ = {isa = PBXFileReference; fileEncoding = 4; lastKnownFileType = text.json; name = findDocuments.json; path = ../../../animation/findDocuments.json; sourceTree = "<group>"; };
		F160809B275E947700D8356E /* Button.swift */ = {isa = PBXFileReference; lastKnownFileType = sourcecode.swift; path = Button.swift; sourceTree = "<group>"; };
		F16080BD276257EF00D8356E /* fileList.json */ = {isa = PBXFileReference; fileEncoding = 4; lastKnownFileType = text.json; name = fileList.json; path = ../../../animation/fileList.json; sourceTree = "<group>"; };
		F16080BF27625B3700D8356E /* deleteAnimation.json */ = {isa = PBXFileReference; fileEncoding = 4; lastKnownFileType = text.json; name = deleteAnimation.json; path = ../../../animation/deleteAnimation.json; sourceTree = "<group>"; };
		F1808322275B300900F6A9CC /* Eraser_File_App.app */ = {isa = PBXFileReference; explicitFileType = wrapper.application; includeInIndex = 0; path = Eraser_File_App.app; sourceTree = BUILT_PRODUCTS_DIR; };
		F1808325275B300900F6A9CC /* AppDelegate.swift */ = {isa = PBXFileReference; lastKnownFileType = sourcecode.swift; path = AppDelegate.swift; sourceTree = "<group>"; };
		F1808327275B300900F6A9CC /* SceneDelegate.swift */ = {isa = PBXFileReference; lastKnownFileType = sourcecode.swift; path = SceneDelegate.swift; sourceTree = "<group>"; };
		F1808329275B300900F6A9CC /* ViewController.swift */ = {isa = PBXFileReference; lastKnownFileType = sourcecode.swift; path = ViewController.swift; sourceTree = "<group>"; };
		F180832C275B300900F6A9CC /* Base */ = {isa = PBXFileReference; lastKnownFileType = file.storyboard; name = Base; path = Base.lproj/Main.storyboard; sourceTree = "<group>"; };
		F180832E275B300B00F6A9CC /* Assets.xcassets */ = {isa = PBXFileReference; lastKnownFileType = folder.assetcatalog; path = Assets.xcassets; sourceTree = "<group>"; };
		F1808331275B300B00F6A9CC /* Base */ = {isa = PBXFileReference; lastKnownFileType = file.storyboard; name = Base; path = Base.lproj/LaunchScreen.storyboard; sourceTree = "<group>"; };
		F1808333275B300B00F6A9CC /* Info.plist */ = {isa = PBXFileReference; lastKnownFileType = text.plist.xml; path = Info.plist; sourceTree = "<group>"; };
		F1808339275B613D00F6A9CC /* ImagesCollectionViewCell.swift */ = {isa = PBXFileReference; lastKnownFileType = sourcecode.swift; path = ImagesCollectionViewCell.swift; sourceTree = "<group>"; };
		F180833B275B8BF100F6A9CC /* HomeViewController.swift */ = {isa = PBXFileReference; lastKnownFileType = sourcecode.swift; path = HomeViewController.swift; sourceTree = "<group>"; };
		F180833E275B986100F6A9CC /* ImageDatas.swift */ = {isa = PBXFileReference; lastKnownFileType = sourcecode.swift; path = ImageDatas.swift; sourceTree = "<group>"; };
		F1808342275BA6E500F6A9CC /* DuplicateImageViewController.swift */ = {isa = PBXFileReference; lastKnownFileType = sourcecode.swift; path = DuplicateImageViewController.swift; sourceTree = "<group>"; };
		F1808344275BED7D00F6A9CC /* GetPhotoDataFunction.swift */ = {isa = PBXFileReference; lastKnownFileType = sourcecode.swift; path = GetPhotoDataFunction.swift; sourceTree = "<group>"; };
/* End PBXFileReference section */

/* Begin PBXFrameworksBuildPhase section */
		F180831F275B300900F6A9CC /* Frameworks */ = {
			isa = PBXFrameworksBuildPhase;
			buildActionMask = 2147483647;
			files = (
				51031FF3E6CD03FA3A5ED9ED /* Pods_Eraser_File_App.framework in Frameworks */,
			);
			runOnlyForDeploymentPostprocessing = 0;
		};
/* End PBXFrameworksBuildPhase section */

/* Begin PBXGroup section */
		409432C6BE60BA723B2F722F /* Pods */ = {
			isa = PBXGroup;
			children = (
				110ED6812916246100BE1403 /* Pods-Eraser_File_App.debug.xcconfig */,
				8F08C4DCB85871082150A55F /* Pods-Eraser_File_App.release.xcconfig */,
			);
			path = Pods;
			sourceTree = "<group>";
		};
		CFFE732DEAD280E0FB406873 /* Frameworks */ = {
			isa = PBXGroup;
			children = (
				B531DCB3A5BA772615AC44F8 /* Pods_Eraser_File_App.framework */,
			);
			name = Frameworks;
			sourceTree = "<group>";
		};
		F1608093275DD79500D8356E /* animation */ = {
			isa = PBXGroup;
			children = (
				F16080BD276257EF00D8356E /* fileList.json */,
				F1608096275E2F8300D8356E /* emptyBox.json */,
				F16080BF27625B3700D8356E /* deleteAnimation.json */,
				F1608098275E2F9200D8356E /* findDocuments.json */,
			);
			path = animation;
			sourceTree = "<group>";
		};
		F160809A275E898400D8356E /* Function */ = {
			isa = PBXGroup;
			children = (
				F1808344275BED7D00F6A9CC /* GetPhotoDataFunction.swift */,
			);
			path = Function;
			sourceTree = "<group>";
		};
		F1808319275B300900F6A9CC = {
			isa = PBXGroup;
			children = (
				F1808324275B300900F6A9CC /* Eraser_File_App */,
				F1808323275B300900F6A9CC /* Products */,
				409432C6BE60BA723B2F722F /* Pods */,
				CFFE732DEAD280E0FB406873 /* Frameworks */,
			);
			sourceTree = "<group>";
		};
		F1808323275B300900F6A9CC /* Products */ = {
			isa = PBXGroup;
			children = (
				F1808322275B300900F6A9CC /* Eraser_File_App.app */,
			);
			name = Products;
			sourceTree = "<group>";
		};
		F1808324275B300900F6A9CC /* Eraser_File_App */ = {
			isa = PBXGroup;
			children = (
				F160809A275E898400D8356E /* Function */,
				F1608093275DD79500D8356E /* animation */,
				F1808341275B988000F6A9CC /* Datas */,
				F180833D275B91B300F6A9CC /* Resource */,
				F1808329275B300900F6A9CC /* ViewController.swift */,
				F160809B275E947700D8356E /* Button.swift */,
				F180833B275B8BF100F6A9CC /* HomeViewController.swift */,
				F1808339275B613D00F6A9CC /* ImagesCollectionViewCell.swift */,
				F160808D275C5BC800D8356E /* FileViewController.swift */,
				F1808342275BA6E500F6A9CC /* DuplicateImageViewController.swift */,
				F160808F275D247300D8356E /* DuplicateFileViewController.swift */,
				F180832B275B300900F6A9CC /* Main.storyboard */,
				F180832E275B300B00F6A9CC /* Assets.xcassets */,
				F1808330275B300B00F6A9CC /* LaunchScreen.storyboard */,
				F1808333275B300B00F6A9CC /* Info.plist */,
			);
			path = Eraser_File_App;
			sourceTree = "<group>";
		};
		F180833D275B91B300F6A9CC /* Resource */ = {
			isa = PBXGroup;
			children = (
				F1808325275B300900F6A9CC /* AppDelegate.swift */,
				F1808327275B300900F6A9CC /* SceneDelegate.swift */,
			);
			path = Resource;
			sourceTree = "<group>";
		};
		F1808341275B988000F6A9CC /* Datas */ = {
			isa = PBXGroup;
			children = (
				F180833E275B986100F6A9CC /* ImageDatas.swift */,
			);
			path = Datas;
			sourceTree = "<group>";
		};
/* End PBXGroup section */

/* Begin PBXNativeTarget section */
		F1808321275B300900F6A9CC /* Eraser_File_App */ = {
			isa = PBXNativeTarget;
			buildConfigurationList = F1808336275B300B00F6A9CC /* Build configuration list for PBXNativeTarget "Eraser_File_App" */;
			buildPhases = (
				6E35695B6EDA286F51056A4C /* [CP] Check Pods Manifest.lock */,
				F180831E275B300900F6A9CC /* Sources */,
				F180831F275B300900F6A9CC /* Frameworks */,
				F1808320275B300900F6A9CC /* Resources */,
				32C0F1671BF7D4A19434AA58 /* [CP] Embed Pods Frameworks */,
			);
			buildRules = (
			);
			dependencies = (
			);
			name = Eraser_File_App;
			productName = Eraser_File_App;
			productReference = F1808322275B300900F6A9CC /* Eraser_File_App.app */;
			productType = "com.apple.product-type.application";
		};
/* End PBXNativeTarget section */

/* Begin PBXProject section */
		F180831A275B300900F6A9CC /* Project object */ = {
			isa = PBXProject;
			attributes = {
				LastSwiftUpdateCheck = 1250;
				LastUpgradeCheck = 1250;
				TargetAttributes = {
					F1808321275B300900F6A9CC = {
						CreatedOnToolsVersion = 12.5.1;
					};
				};
			};
			buildConfigurationList = F180831D275B300900F6A9CC /* Build configuration list for PBXProject "Eraser_File_App" */;
			compatibilityVersion = "Xcode 9.3";
			developmentRegion = en;
			hasScannedForEncodings = 0;
			knownRegions = (
				en,
				Base,
			);
			mainGroup = F1808319275B300900F6A9CC;
			productRefGroup = F1808323275B300900F6A9CC /* Products */;
			projectDirPath = "";
			projectRoot = "";
			targets = (
				F1808321275B300900F6A9CC /* Eraser_File_App */,
			);
		};
/* End PBXProject section */

/* Begin PBXResourcesBuildPhase section */
		F1808320275B300900F6A9CC /* Resources */ = {
			isa = PBXResourcesBuildPhase;
			buildActionMask = 2147483647;
			files = (
				F1808332275B300B00F6A9CC /* LaunchScreen.storyboard in Resources */,
				F16080BE276257EF00D8356E /* fileList.json in Resources */,
				F1608099275E2F9200D8356E /* findDocuments.json in Resources */,
				F1608097275E2F8300D8356E /* emptyBox.json in Resources */,
				F180832F275B300B00F6A9CC /* Assets.xcassets in Resources */,
				F16080C027625B3700D8356E /* deleteAnimation.json in Resources */,
				F180832D275B300900F6A9CC /* Main.storyboard in Resources */,
			);
			runOnlyForDeploymentPostprocessing = 0;
		};
/* End PBXResourcesBuildPhase section */

/* Begin PBXShellScriptBuildPhase section */
		32C0F1671BF7D4A19434AA58 /* [CP] Embed Pods Frameworks */ = {
			isa = PBXShellScriptBuildPhase;
			buildActionMask = 2147483647;
			files = (
			);
			inputFileListPaths = (
				"${PODS_ROOT}/Target Support Files/Pods-Eraser_File_App/Pods-Eraser_File_App-frameworks-${CONFIGURATION}-input-files.xcfilelist",
			);
			name = "[CP] Embed Pods Frameworks";
			outputFileListPaths = (
				"${PODS_ROOT}/Target Support Files/Pods-Eraser_File_App/Pods-Eraser_File_App-frameworks-${CONFIGURATION}-output-files.xcfilelist",
			);
			runOnlyForDeploymentPostprocessing = 0;
			shellPath = /bin/sh;
			shellScript = "\"${PODS_ROOT}/Target Support Files/Pods-Eraser_File_App/Pods-Eraser_File_App-frameworks.sh\"\n";
			showEnvVarsInLog = 0;
		};
		6E35695B6EDA286F51056A4C /* [CP] Check Pods Manifest.lock */ = {
			isa = PBXShellScriptBuildPhase;
			buildActionMask = 2147483647;
			files = (
			);
			inputFileListPaths = (
			);
			inputPaths = (
				"${PODS_PODFILE_DIR_PATH}/Podfile.lock",
				"${PODS_ROOT}/Manifest.lock",
			);
			name = "[CP] Check Pods Manifest.lock";
			outputFileListPaths = (
			);
			outputPaths = (
				"$(DERIVED_FILE_DIR)/Pods-Eraser_File_App-checkManifestLockResult.txt",
			);
			runOnlyForDeploymentPostprocessing = 0;
			shellPath = /bin/sh;
			shellScript = "diff \"${PODS_PODFILE_DIR_PATH}/Podfile.lock\" \"${PODS_ROOT}/Manifest.lock\" > /dev/null\nif [ $? != 0 ] ; then\n    # print error to STDERR\n    echo \"error: The sandbox is not in sync with the Podfile.lock. Run 'pod install' or update your CocoaPods installation.\" >&2\n    exit 1\nfi\n# This output is used by Xcode 'outputs' to avoid re-running this script phase.\necho \"SUCCESS\" > \"${SCRIPT_OUTPUT_FILE_0}\"\n";
			showEnvVarsInLog = 0;
		};
/* End PBXShellScriptBuildPhase section */

/* Begin PBXSourcesBuildPhase section */
		F180831E275B300900F6A9CC /* Sources */ = {
			isa = PBXSourcesBuildPhase;
			buildActionMask = 2147483647;
			files = (
				F160808E275C5BC800D8356E /* FileViewController.swift in Sources */,
				F180833C275B8BF100F6A9CC /* HomeViewController.swift in Sources */,
				F1608090275D247300D8356E /* DuplicateFileViewController.swift in Sources */,
				F180832A275B300900F6A9CC /* ViewController.swift in Sources */,
				F1808326275B300900F6A9CC /* AppDelegate.swift in Sources */,
				F1808343275BA6E500F6A9CC /* DuplicateImageViewController.swift in Sources */,
				F180833F275B986100F6A9CC /* ImageDatas.swift in Sources */,
				F180833A275B613D00F6A9CC /* ImagesCollectionViewCell.swift in Sources */,
				F1808328275B300900F6A9CC /* SceneDelegate.swift in Sources */,
				F1808345275BED7D00F6A9CC /* GetPhotoDataFunction.swift in Sources */,
				F160809C275E947700D8356E /* Button.swift in Sources */,
			);
			runOnlyForDeploymentPostprocessing = 0;
		};
/* End PBXSourcesBuildPhase section */

/* Begin PBXVariantGroup section */
		F180832B275B300900F6A9CC /* Main.storyboard */ = {
			isa = PBXVariantGroup;
			children = (
				F180832C275B300900F6A9CC /* Base */,
			);
			name = Main.storyboard;
			sourceTree = "<group>";
		};
		F1808330275B300B00F6A9CC /* LaunchScreen.storyboard */ = {
			isa = PBXVariantGroup;
			children = (
				F1808331275B300B00F6A9CC /* Base */,
			);
			name = LaunchScreen.storyboard;
			sourceTree = "<group>";
		};
/* End PBXVariantGroup section */

/* Begin XCBuildConfiguration section */
		F1808334275B300B00F6A9CC /* Debug */ = {
			isa = XCBuildConfiguration;
			buildSettings = {
				ALWAYS_SEARCH_USER_PATHS = NO;
				CLANG_ANALYZER_NONNULL = YES;
				CLANG_ANALYZER_NUMBER_OBJECT_CONVERSION = YES_AGGRESSIVE;
				CLANG_CXX_LANGUAGE_STANDARD = "gnu++14";
				CLANG_CXX_LIBRARY = "libc++";
				CLANG_ENABLE_MODULES = YES;
				CLANG_ENABLE_OBJC_ARC = YES;
				CLANG_ENABLE_OBJC_WEAK = YES;
				CLANG_WARN_BLOCK_CAPTURE_AUTORELEASING = YES;
				CLANG_WARN_BOOL_CONVERSION = YES;
				CLANG_WARN_COMMA = YES;
				CLANG_WARN_CONSTANT_CONVERSION = YES;
				CLANG_WARN_DEPRECATED_OBJC_IMPLEMENTATIONS = YES;
				CLANG_WARN_DIRECT_OBJC_ISA_USAGE = YES_ERROR;
				CLANG_WARN_DOCUMENTATION_COMMENTS = YES;
				CLANG_WARN_EMPTY_BODY = YES;
				CLANG_WARN_ENUM_CONVERSION = YES;
				CLANG_WARN_INFINITE_RECURSION = YES;
				CLANG_WARN_INT_CONVERSION = YES;
				CLANG_WARN_NON_LITERAL_NULL_CONVERSION = YES;
				CLANG_WARN_OBJC_IMPLICIT_RETAIN_SELF = YES;
				CLANG_WARN_OBJC_LITERAL_CONVERSION = YES;
				CLANG_WARN_OBJC_ROOT_CLASS = YES_ERROR;
				CLANG_WARN_QUOTED_INCLUDE_IN_FRAMEWORK_HEADER = YES;
				CLANG_WARN_RANGE_LOOP_ANALYSIS = YES;
				CLANG_WARN_STRICT_PROTOTYPES = YES;
				CLANG_WARN_SUSPICIOUS_MOVE = YES;
				CLANG_WARN_UNGUARDED_AVAILABILITY = YES_AGGRESSIVE;
				CLANG_WARN_UNREACHABLE_CODE = YES;
				CLANG_WARN__DUPLICATE_METHOD_MATCH = YES;
				COPY_PHASE_STRIP = NO;
				DEBUG_INFORMATION_FORMAT = dwarf;
				ENABLE_STRICT_OBJC_MSGSEND = YES;
				ENABLE_TESTABILITY = YES;
				GCC_C_LANGUAGE_STANDARD = gnu11;
				GCC_DYNAMIC_NO_PIC = NO;
				GCC_NO_COMMON_BLOCKS = YES;
				GCC_OPTIMIZATION_LEVEL = 0;
				GCC_PREPROCESSOR_DEFINITIONS = (
					"DEBUG=1",
					"$(inherited)",
				);
				GCC_WARN_64_TO_32_BIT_CONVERSION = YES;
				GCC_WARN_ABOUT_RETURN_TYPE = YES_ERROR;
				GCC_WARN_UNDECLARED_SELECTOR = YES;
				GCC_WARN_UNINITIALIZED_AUTOS = YES_AGGRESSIVE;
				GCC_WARN_UNUSED_FUNCTION = YES;
				GCC_WARN_UNUSED_VARIABLE = YES;
				IPHONEOS_DEPLOYMENT_TARGET = 14.5;
				MTL_ENABLE_DEBUG_INFO = INCLUDE_SOURCE;
				MTL_FAST_MATH = YES;
				ONLY_ACTIVE_ARCH = YES;
				SDKROOT = iphoneos;
				SWIFT_ACTIVE_COMPILATION_CONDITIONS = DEBUG;
				SWIFT_OPTIMIZATION_LEVEL = "-Onone";
			};
			name = Debug;
		};
		F1808335275B300B00F6A9CC /* Release */ = {
			isa = XCBuildConfiguration;
			buildSettings = {
				ALWAYS_SEARCH_USER_PATHS = NO;
				CLANG_ANALYZER_NONNULL = YES;
				CLANG_ANALYZER_NUMBER_OBJECT_CONVERSION = YES_AGGRESSIVE;
				CLANG_CXX_LANGUAGE_STANDARD = "gnu++14";
				CLANG_CXX_LIBRARY = "libc++";
				CLANG_ENABLE_MODULES = YES;
				CLANG_ENABLE_OBJC_ARC = YES;
				CLANG_ENABLE_OBJC_WEAK = YES;
				CLANG_WARN_BLOCK_CAPTURE_AUTORELEASING = YES;
				CLANG_WARN_BOOL_CONVERSION = YES;
				CLANG_WARN_COMMA = YES;
				CLANG_WARN_CONSTANT_CONVERSION = YES;
				CLANG_WARN_DEPRECATED_OBJC_IMPLEMENTATIONS = YES;
				CLANG_WARN_DIRECT_OBJC_ISA_USAGE = YES_ERROR;
				CLANG_WARN_DOCUMENTATION_COMMENTS = YES;
				CLANG_WARN_EMPTY_BODY = YES;
				CLANG_WARN_ENUM_CONVERSION = YES;
				CLANG_WARN_INFINITE_RECURSION = YES;
				CLANG_WARN_INT_CONVERSION = YES;
				CLANG_WARN_NON_LITERAL_NULL_CONVERSION = YES;
				CLANG_WARN_OBJC_IMPLICIT_RETAIN_SELF = YES;
				CLANG_WARN_OBJC_LITERAL_CONVERSION = YES;
				CLANG_WARN_OBJC_ROOT_CLASS = YES_ERROR;
				CLANG_WARN_QUOTED_INCLUDE_IN_FRAMEWORK_HEADER = YES;
				CLANG_WARN_RANGE_LOOP_ANALYSIS = YES;
				CLANG_WARN_STRICT_PROTOTYPES = YES;
				CLANG_WARN_SUSPICIOUS_MOVE = YES;
				CLANG_WARN_UNGUARDED_AVAILABILITY = YES_AGGRESSIVE;
				CLANG_WARN_UNREACHABLE_CODE = YES;
				CLANG_WARN__DUPLICATE_METHOD_MATCH = YES;
				COPY_PHASE_STRIP = NO;
				DEBUG_INFORMATION_FORMAT = "dwarf-with-dsym";
				ENABLE_NS_ASSERTIONS = NO;
				ENABLE_STRICT_OBJC_MSGSEND = YES;
				GCC_C_LANGUAGE_STANDARD = gnu11;
				GCC_NO_COMMON_BLOCKS = YES;
				GCC_WARN_64_TO_32_BIT_CONVERSION = YES;
				GCC_WARN_ABOUT_RETURN_TYPE = YES_ERROR;
				GCC_WARN_UNDECLARED_SELECTOR = YES;
				GCC_WARN_UNINITIALIZED_AUTOS = YES_AGGRESSIVE;
				GCC_WARN_UNUSED_FUNCTION = YES;
				GCC_WARN_UNUSED_VARIABLE = YES;
				IPHONEOS_DEPLOYMENT_TARGET = 14.5;
				MTL_ENABLE_DEBUG_INFO = NO;
				MTL_FAST_MATH = YES;
				SDKROOT = iphoneos;
				SWIFT_COMPILATION_MODE = wholemodule;
				SWIFT_OPTIMIZATION_LEVEL = "-O";
				VALIDATE_PRODUCT = YES;
			};
			name = Release;
		};
		F1808337275B300B00F6A9CC /* Debug */ = {
			isa = XCBuildConfiguration;
			baseConfigurationReference = 110ED6812916246100BE1403 /* Pods-Eraser_File_App.debug.xcconfig */;
			buildSettings = {
				ASSETCATALOG_COMPILER_APPICON_NAME = AppIcon;
				ASSETCATALOG_COMPILER_GLOBAL_ACCENT_COLOR_NAME = AccentColor;
				CODE_SIGN_STYLE = Automatic;
				INFOPLIST_FILE = Eraser_File_App/Info.plist;
				LD_RUNPATH_SEARCH_PATHS = (
					"$(inherited)",
					"@executable_path/Frameworks",
				);
				PRODUCT_BUNDLE_IDENTIFIER = "co.godo.Eraser-File-App";
				PRODUCT_NAME = "$(TARGET_NAME)";
				SWIFT_VERSION = 5.0;
				TARGETED_DEVICE_FAMILY = "1,2";
			};
			name = Debug;
		};
		F1808338275B300B00F6A9CC /* Release */ = {
			isa = XCBuildConfiguration;
			baseConfigurationReference = 8F08C4DCB85871082150A55F /* Pods-Eraser_File_App.release.xcconfig */;
			buildSettings = {
				ASSETCATALOG_COMPILER_APPICON_NAME = AppIcon;
				ASSETCATALOG_COMPILER_GLOBAL_ACCENT_COLOR_NAME = AccentColor;
				CODE_SIGN_STYLE = Automatic;
				INFOPLIST_FILE = Eraser_File_App/Info.plist;
				LD_RUNPATH_SEARCH_PATHS = (
					"$(inherited)",
					"@executable_path/Frameworks",
				);
				PRODUCT_BUNDLE_IDENTIFIER = "co.godo.Eraser-File-App";
				PRODUCT_NAME = "$(TARGET_NAME)";
				SWIFT_VERSION = 5.0;
				TARGETED_DEVICE_FAMILY = "1,2";
			};
			name = Release;
		};
/* End XCBuildConfiguration section */

/* Begin XCConfigurationList section */
		F180831D275B300900F6A9CC /* Build configuration list for PBXProject "Eraser_File_App" */ = {
			isa = XCConfigurationList;
			buildConfigurations = (
				F1808334275B300B00F6A9CC /* Debug */,
				F1808335275B300B00F6A9CC /* Release */,
			);
			defaultConfigurationIsVisible = 0;
			defaultConfigurationName = Release;
		};
		F1808336275B300B00F6A9CC /* Build configuration list for PBXNativeTarget "Eraser_File_App" */ = {
			isa = XCConfigurationList;
			buildConfigurations = (
				F1808337275B300B00F6A9CC /* Debug */,
				F1808338275B300B00F6A9CC /* Release */,
			);
			defaultConfigurationIsVisible = 0;
			defaultConfigurationName = Release;
		};
/* End XCConfigurationList section */
	};
	rootObject = F180831A275B300900F6A9CC /* Project object */;
}
